
Microsoft Visual Studio Solution File, Format Version 12.00
Project("{FAE04EC0-301F-11D3-BF4B-00C04F79EFBC}") = "KanbanBoard", "KanbanBoard\KanbanBoard.csproj", "{949D6E33-C147-4DAB-B814-A80D60BDF001}"
EndProject
Global
	GlobalSection(SolutionConfigurationPlatforms) = preSolution
		Debug|Any CPU = Debug|Any CPU
		Release|Any CPU = Release|Any CPU
	EndGlobalSection
	GlobalSection(ProjectConfigurationPlatforms) = postSolution
		{949D6E33-C147-4DAB-B814-A80D60BDF001}.Debug|Any CPU.ActiveCfg = Debug|Any CPU
		{949D6E33-C147-4DAB-B814-A80D60BDF001}.Debug|Any CPU.Build.0 = Debug|Any CPU
		{949D6E33-C147-4DAB-B814-A80D60BDF001}.Release|Any CPU.ActiveCfg = Release|Any CPU
		{949D6E33-C147-4DAB-B814-A80D60BDF001}.Release|Any CPU.Build.0 = Release|Any CPU
	EndGlobalSection
EndGlobal
